Microsoft Visual Studio Solution File, Format Version 12.00
# Visual Studio Version 16
VisualStudioVersion = 16.0.29920.165
MinimumVisualStudioVersion = 10.0.40219.1
Project("{FAE04EC0-301F-11D3-BF4B-00C04F79EFBC}") = "GameAI", "GameAI\GameAI.csproj", "{905B6B3B-33B1-49FB-B691-AE30F88CB4F5}"
EndProject
Project("{FAE04EC0-301F-11D3-BF4B-00C04F79EFBC}") = "GameAI.Pathfinding", "GameAI.Pathfinding\GameAI.Pathfinding.csproj", "{79167B99-76C3-4CC2-AFAE-09E16212A3CF}"
EndProject
Project("{9A19103F-16F7-4668-BE54-9A1E7A4F7556}") = "GameAI.Pathfinding.Tests", "GameAI.Pathfinding.Tests\GameAI.Pathfinding.Tests.csproj", "{0D0AF179-23DC-4E31-A7FE-10B3F7283C49}"
EndProject
Project("{FAE04EC0-301F-11D3-BF4B-00C04F79EFBC}") = "Graph", "Graph\Graph.csproj", "{E6E34C74-1821-4C55-9240-ED3FCD9FD17D}"
EndProject
Project("{FAE04EC0-301F-11D3-BF4B-00C04F79EFBC}") = "PriorityQueue", "PriorityQueue\PriorityQueue.csproj", "{45DD05D4-5B85-4FE6-BA54-B48D5210BDE2}"
EndProject
Global
	GlobalSection(SolutionConfigurationPlatforms) = preSolution
		Debug|Any CPU = Debug|Any CPU
		Release|Any CPU = Release|Any CPU
	EndGlobalSection
	GlobalSection(ProjectConfigurationPlatforms) = postSolution
		{905B6B3B-33B1-49FB-B691-AE30F88CB4F5}.Debug|Any CPU.ActiveCfg = Debug|Any CPU
		{905B6B3B-33B1-49FB-B691-AE30F88CB4F5}.Debug|Any CPU.Build.0 = Debug|Any CPU
		{905B6B3B-33B1-49FB-B691-AE30F88CB4F5}.Release|Any CPU.ActiveCfg = Release|Any CPU
		{905B6B3B-33B1-49FB-B691-AE30F88CB4F5}.Release|Any CPU.Build.0 = Release|Any CPU
		{79167B99-76C3-4CC2-AFAE-09E16212A3CF}.Debug|Any CPU.ActiveCfg = Debug|Any CPU
		{79167B99-76C3-4CC2-AFAE-09E16212A3CF}.Debug|Any CPU.Build.0 = Debug|Any CPU
		{79167B99-76C3-4CC2-AFAE-09E16212A3CF}.Release|Any CPU.ActiveCfg = Release|Any CPU
		{79167B99-76C3-4CC2-AFAE-09E16212A3CF}.Release|Any CPU.Build.0 = Release|Any CPU
		{E6E34C74-1821-4C55-9240-ED3FCD9FD17D}.Debug|Any CPU.ActiveCfg = Debug|Any CPU
		{E6E34C74-1821-4C55-9240-ED3FCD9FD17D}.Debug|Any CPU.Build.0 = Debug|Any CPU
		{E6E34C74-1821-4C55-9240-ED3FCD9FD17D}.Release|Any CPU.ActiveCfg = Release|Any CPU
		{E6E34C74-1821-4C55-9240-ED3FCD9FD17D}.Release|Any CPU.Build.0 = Release|Any CPU
		{45DD05D4-5B85-4FE6-BA54-B48D5210BDE2}.Debug|Any CPU.ActiveCfg = Debug|Any CPU
		{45DD05D4-5B85-4FE6-BA54-B48D5210BDE2}.Debug|Any CPU.Build.0 = Debug|Any CPU
		{45DD05D4-5B85-4FE6-BA54-B48D5210BDE2}.Release|Any CPU.ActiveCfg = Release|Any CPU
		{45DD05D4-5B85-4FE6-BA54-B48D5210BDE2}.Release|Any CPU.Build.0 = Release|Any CPU
		{0D0AF179-23DC-4E31-A7FE-10B3F7283C49}.Debug|Any CPU.ActiveCfg = Debug|Any CPU
		{0D0AF179-23DC-4E31-A7FE-10B3F7283C49}.Debug|Any CPU.Build.0 = Debug|Any CPU
	EndGlobalSection
	GlobalSection(SolutionProperties) = preSolution
		HideSolutionNode = FALSE
	EndGlobalSection
	GlobalSection(ExtensibilityGlobals) = postSolution
		SolutionGuid = {3C3C0A63-EBDB-4314-B914-0A731C647FCE}
	EndGlobalSection
EndGlobal
