
Microsoft Visual Studio Solution File, Format Version 12.00
Project("{FAE04EC0-301F-11D3-BF4B-00C04F79EFBC}") = "GameAI", "GameAI\GameAI.csproj", "{905B6B3B-33B1-49FB-B691-AE30F88CB4F5}"
EndProject
Project("{FAE04EC0-301F-11D3-BF4B-00C04F79EFBC}") = "GameAI.Pathfinding", "GameAI.Pathfinding\GameAI.Pathfinding.csproj", "{77B3DEE8-0929-47EC-9B2B-78AF6B9531F3}"
EndProject
Global
	GlobalSection(SolutionConfigurationPlatforms) = preSolution
		Debug|Any CPU = Debug|Any CPU
		Release|Any CPU = Release|Any CPU
	EndGlobalSection
	GlobalSection(ProjectConfigurationPlatforms) = postSolution
		{77B3DEE8-0929-47EC-9B2B-78AF6B9531F3}.Debug|Any CPU.ActiveCfg = Debug|Any CPU
		{77B3DEE8-0929-47EC-9B2B-78AF6B9531F3}.Debug|Any CPU.Build.0 = Debug|Any CPU
		{77B3DEE8-0929-47EC-9B2B-78AF6B9531F3}.Release|Any CPU.ActiveCfg = Release|Any CPU
		{77B3DEE8-0929-47EC-9B2B-78AF6B9531F3}.Release|Any CPU.Build.0 = Release|Any CPU
		{905B6B3B-33B1-49FB-B691-AE30F88CB4F5}.Debug|Any CPU.ActiveCfg = Debug|Any CPU
		{905B6B3B-33B1-49FB-B691-AE30F88CB4F5}.Debug|Any CPU.Build.0 = Debug|Any CPU
	EndGlobalSection
EndGlobal
